
Microsoft Visual Studio Solution File, Format Version 12.00
# Visual Studio Version 17
VisualStudioVersion = 17.8.34511.84
MinimumVisualStudioVersion = 10.0.40219.1
Project("{9A19103F-16F7-4668-BE54-9A1E7A4F7556}") = "SimpleAutoClicker", "SimpleAutoClicker\SimpleAutoClicker.csproj", "{F6254D94-749E-4A7F-B38A-1DB3686FF518}"
EndProject
Project("{FAE04EC0-301F-11D3-BF4B-00C04F79EFBC}") = "SimpleAutoClicker.App", "SimpleAutoClicker.App\SimpleAutoClicker.App.csproj", "{75E1ABF1-EE7C-4283-A566-26874C29E73C}"
EndProject
Project("{FAE04EC0-301F-11D3-BF4B-00C04F79EFBC}") = "SimpleAutoClicker.Core", "SimpleAutoClicker.Core\SimpleAutoClicker.Core.csproj", "{137D1065-CDC7-4235-BEDB-517A2F1635DB}"
EndProject
Global
	GlobalSection(SolutionConfigurationPlatforms) = preSolution
		Debug|Any CPU = Debug|Any CPU
		Release|Any CPU = Release|Any CPU
	EndGlobalSection
	GlobalSection(ProjectConfigurationPlatforms) = postSolution
		{F6254D94-749E-4A7F-B38A-1DB3686FF518}.Debug|Any CPU.ActiveCfg = Debug|Any CPU
		{F6254D94-749E-4A7F-B38A-1DB3686FF518}.Debug|Any CPU.Build.0 = Debug|Any CPU
		{F6254D94-749E-4A7F-B38A-1DB3686FF518}.Release|Any CPU.ActiveCfg = Release|Any CPU
		{F6254D94-749E-4A7F-B38A-1DB3686FF518}.Release|Any CPU.Build.0 = Release|Any CPU
		{75E1ABF1-EE7C-4283-A566-26874C29E73C}.Debug|Any CPU.ActiveCfg = Debug|Any CPU
		{75E1ABF1-EE7C-4283-A566-26874C29E73C}.Debug|Any CPU.Build.0 = Debug|Any CPU
		{75E1ABF1-EE7C-4283-A566-26874C29E73C}.Release|Any CPU.ActiveCfg = Release|Any CPU
		{75E1ABF1-EE7C-4283-A566-26874C29E73C}.Release|Any CPU.Build.0 = Release|Any CPU
		{137D1065-CDC7-4235-BEDB-517A2F1635DB}.Debug|Any CPU.ActiveCfg = Debug|Any CPU
		{137D1065-CDC7-4235-BEDB-517A2F1635DB}.Debug|Any CPU.Build.0 = Debug|Any CPU
		{137D1065-CDC7-4235-BEDB-517A2F1635DB}.Release|Any CPU.ActiveCfg = Release|Any CPU
		{137D1065-CDC7-4235-BEDB-517A2F1635DB}.Release|Any CPU.Build.0 = Release|Any CPU
	EndGlobalSection
	GlobalSection(SolutionProperties) = preSolution
		HideSolutionNode = FALSE
	EndGlobalSection
	GlobalSection(ExtensibilityGlobals) = postSolution
		SolutionGuid = {F9CC456B-EA7D-4C93-B063-7E65BC2F5BC6}
	EndGlobalSection
EndGlobal
